<?xml version="1.0" encoding="utf-8"?>
<Project ToolsVersion="4.0" xmlns="http://schemas.microsoft.com/developer/msbuild/2003">
  <ItemGroup>
    <Filter Include="Map">
      <UniqueIdentifier>{dc010e1f-ad63-4902-8b5c-18597d128eeb}</UniqueIdentifier>
    </Filter>
    <Filter Include="Character">
      <UniqueIdentifier>{ad38ab8b-20ef-4ca8-b66a-7ce889eea9b8}</UniqueIdentifier>
    </Filter>
    <Filter Include="Item">
      <UniqueIdentifier>{879c1609-fcf0-4bf1-9dcb-0fb8606add1f}</UniqueIdentifier>
    </Filter>
    <Filter Include="Utils">
      <UniqueIdentifier>{a9602f9b-a7e9-485d-b411-303c82757340}</UniqueIdentifier>
    </Filter>
    <Filter Include="Drivers">
      <UniqueIdentifier>{6003d5eb-1c99-4fb7-bd10-3e0a12aff340}</UniqueIdentifier>
    </Filter>
    <Filter Include="Game">
      <UniqueIdentifier>{6610c2f8-29fe-4fd2-9823-f12fc1a7e7e3}</UniqueIdentifier>
    </Filter>
  </ItemGroup>
  <ItemGroup>
    <ClCompile Include="Element.cpp">
      <Filter>Map</Filter>
    </ClCompile>
    <ClCompile Include="Map.cpp">
      <Filter>Map</Filter>
    </ClCompile>
    <ClCompile Include="Tile.cpp">
      <Filter>Map</Filter>
    </ClCompile>
    <ClCompile Include="Position.cpp">
      <Filter>Map</Filter>
    </ClCompile>
    <ClCompile Include="Character.cpp">
      <Filter>Character</Filter>
    </ClCompile>
    <ClCompile Include="MapController.cpp">
      <Filter>Map</Filter>
    </ClCompile>
    <ClCompile Include="Fighter.cpp">
      <Filter>Character</Filter>
    </ClCompile>
    <ClCompile Include="Campaign.cpp">
      <Filter>Map</Filter>
    </ClCompile>
    <ClCompile Include="CampaignController.cpp">
      <Filter>Map</Filter>
    </ClCompile>
    <ClCompile Include="Chest.cpp">
      <Filter>Map</Filter>
    </ClCompile>
    <ClCompile Include="TestItemClass.cpp">
      <Filter>Drivers</Filter>
    </ClCompile>
    <ClCompile Include="TestItemContainerClass.cpp">
      <Filter>Drivers</Filter>
    </ClCompile>
    <ClCompile Include="Main.cpp">
      <Filter>Drivers</Filter>
    </ClCompile>
    <ClCompile Include="TestControllers.cpp">
      <Filter>Drivers</Filter>
    </ClCompile>
    <ClCompile Include="Buff.cpp">
      <Filter>Item</Filter>
    </ClCompile>
    <ClCompile Include="Enums.cpp">
      <Filter>Item</Filter>
    </ClCompile>
    <ClCompile Include="Item.cpp">
      <Filter>Item</Filter>
    </ClCompile>
    <ClCompile Include="ItemContainer.cpp">
      <Filter>Item</Filter>
    </ClCompile>
    <ClCompile Include="Weapon.cpp">
      <Filter>Item</Filter>
    </ClCompile>
    <ClCompile Include="FolderUtils.cpp">
      <Filter>Utils</Filter>
    </ClCompile>
    <ClCompile Include="GameController.cpp">
      <Filter>Game</Filter>
    </ClCompile>
    <ClCompile Include="Game.cpp">
      <Filter>Game</Filter>
    </ClCompile>
    <ClCompile Include="ItemUtils.cpp">
      <Filter>Utils</Filter>
    </ClCompile>
    <ClCompile Include="CharacterElement.cpp">
      <Filter>Character</Filter>
    </ClCompile>
    <ClCompile Include="Dice.cpp">
      <Filter>Utils</Filter>
    </ClCompile>
    <ClCompile Include="MapEditorDriver.cpp">
      <Filter>Drivers</Filter>
    </ClCompile>
    <ClCompile Include="MapElementsToggler.cpp">
      <Filter>Map</Filter>
    </ClCompile>
    <ClCompile Include="CharacterController.cpp">
      <Filter>Character</Filter>
    </ClCompile>
    <ClCompile Include="Enemy.cpp">
      <Filter>Map</Filter>
    </ClCompile>
    <ClCompile Include="Player.cpp">
      <Filter>Map</Filter>
    </ClCompile>
    <ClCompile Include="MapObserver.cpp">
      <Filter>Map</Filter>
    </ClCompile>
    <ClCompile Include="MapTest.cpp">
      <Filter>Drivers</Filter>
    </ClCompile>
    <ClCompile Include="Observable.cpp">
      <Filter>Utils</Filter>
    </ClCompile>
    <ClCompile Include="BullyBuilder.cpp">
      <Filter>Character</Filter>
    </ClCompile>
    <ClCompile Include="CharacterDirector.cpp">
      <Filter>Character</Filter>
    </ClCompile>
    <ClCompile Include="FighterBuilder.cpp">
      <Filter>Character</Filter>
    </ClCompile>
    <ClCompile Include="NimbleBuilder.cpp">
      <Filter>Character</Filter>
    </ClCompile>
    <ClCompile Include="TankBuilder.cpp">
      <Filter>Character</Filter>
    </ClCompile>
  </ItemGroup>
  <ItemGroup>
    <ClInclude Include="Tile.h">
      <Filter>Map</Filter>
    </ClInclude>
    <ClInclude Include="Map.h">
      <Filter>Map</Filter>
    </ClInclude>
    <ClInclude Include="Element.h">
      <Filter>Map</Filter>
    </ClInclude>
    <ClInclude Include="Position.h">
      <Filter>Map</Filter>
    </ClInclude>
    <ClInclude Include="Character.h">
      <Filter>Character</Filter>
    </ClInclude>
    <ClInclude Include="MapController.h">
      <Filter>Map</Filter>
    </ClInclude>
    <ClInclude Include="Fighter.h">
      <Filter>Character</Filter>
    </ClInclude>
    <ClInclude Include="CampaignController.h">
      <Filter>Map</Filter>
    </ClInclude>
    <ClInclude Include="Campaign.h">
      <Filter>Map</Filter>
    </ClInclude>
    <ClInclude Include="Observer.h">
      <Filter>Utils</Filter>
    </ClInclude>
    <ClInclude Include="Chest.h">
      <Filter>Map</Filter>
    </ClInclude>
    <ClInclude Include="Weapon.h">
      <Filter>Item</Filter>
    </ClInclude>
    <ClInclude Include="Buff.h">
      <Filter>Item</Filter>
    </ClInclude>
    <ClInclude Include="Enums.h">
      <Filter>Item</Filter>
    </ClInclude>
    <ClInclude Include="Item.h">
      <Filter>Item</Filter>
    </ClInclude>
    <ClInclude Include="ItemContainer.h">
      <Filter>Item</Filter>
    </ClInclude>
    <ClInclude Include="FolderUtils.h">
      <Filter>Utils</Filter>
    </ClInclude>
    <ClInclude Include="GameController.h">
      <Filter>Game</Filter>
    </ClInclude>
    <ClInclude Include="ItemUtils.h">
      <Filter>Utils</Filter>
    </ClInclude>
    <ClInclude Include="Game.h">
      <Filter>Game</Filter>
    </ClInclude>
    <ClInclude Include="CharacterElement.h">
      <Filter>Character</Filter>
    </ClInclude>
    <ClInclude Include="Dice.h">
      <Filter>Utils</Filter>
    </ClInclude>
    <ClInclude Include="MapEditorDriver.h">
      <Filter>Drivers</Filter>
    </ClInclude>
    <ClInclude Include="MapElementsToggler.h">
      <Filter>Map</Filter>
    </ClInclude>
    <ClInclude Include="CharacterController.h">
      <Filter>Character</Filter>
    </ClInclude>
    <ClInclude Include="Enemy.h">
      <Filter>Map</Filter>
    </ClInclude>
    <ClInclude Include="Player.h">
      <Filter>Map</Filter>
    </ClInclude>
    <ClInclude Include="MapObserver.h">
      <Filter>Map</Filter>
    </ClInclude>
    <ClInclude Include="MapTest.h">
      <Filter>Drivers</Filter>
    </ClInclude>
    <ClInclude Include="Observable.h">
      <Filter>Utils</Filter>
    </ClInclude>
    <ClInclude Include="BullyBuilder.h">
      <Filter>Character</Filter>
    </ClInclude>
    <ClInclude Include="CharacterDirector.h">
      <Filter>Character</Filter>
    </ClInclude>
    <ClInclude Include="FighterBuilder.h">
      <Filter>Character</Filter>
    </ClInclude>
    <ClInclude Include="NimbleBuilder.h">
      <Filter>Character</Filter>
    </ClInclude>
    <ClInclude Include="TankBuilder.h">
      <Filter>Character</Filter>
    </ClInclude>
  </ItemGroup>
</Project>